// !$*UTF8*$!
{
	archiveVersion = 1;
	classes = {
	};
	objectVersion = 56;
	objects = {

/* Begin PBXBuildFile section */
		13255AA32FA2279F0042E2A5 /* AppDelegate.swift in Sources */ = {isa = PBXBuildFile; fileRef = 13255AA22FA2279F0042E2A5 /* AppDelegate.swift */; };
		13255AA52FA2279F0042E2A5 /* GameScene.sks in Resources */ = {isa = PBXBuildFile; fileRef = 13255AA42FA2279F0042E2A5 /* GameScene.sks */; };
		13255AA72FA2279F0042E2A5 /* Actions.sks in Resources */ = {isa = PBXBuildFile; fileRef = 13255AA62FA2279F0042E2A5 /* Actions.sks */; };
		13255AA92FA2279F0042E2A5 /* PrototypeScene.swift in Sources */ = {isa = PBXBuildFile; fileRef = 13255AA82FA2279F0042E2A5 /* PrototypeScene.swift */; };
		13255AAB2FA2279F0042E2A5 /* GameViewController.swift in Sources */ = {isa = PBXBuildFile; fileRef = 13255AAA2FA2279F0042E2A5 /* GameViewController.swift */; };
		6B0000012F00000000000001 /* MainMenuScene.swift in Sources */ = {isa = PBXBuildFile; fileRef = 6B0000022F00000000000001 /* MainMenuScene.swift */; };
		6B0000012F00000000000002 /* RunScene.swift in Sources */ = {isa = PBXBuildFile; fileRef = 6B0000022F00000000000002 /* RunScene.swift */; };
		6B0000012F00000000000003 /* EnemyNode.swift in Sources */ = {isa = PBXBuildFile; fileRef = 6B0000022F00000000000003 /* EnemyNode.swift */; };
		6B0000012F00000000000004 /* XPOrbNode.swift in Sources */ = {isa = PBXBuildFile; fileRef = 6B0000022F00000000000004 /* XPOrbNode.swift */; };
		6B0000012F00000000000005 /* LevelUpOverlay.swift in Sources */ = {isa = PBXBuildFile; fileRef = 6B0000022F00000000000005 /* LevelUpOverlay.swift */; };
		6B0000012F00000000000006 /* Assets.swift in Sources */ = {isa = PBXBuildFile; fileRef = 6B0000022F00000000000006 /* Assets.swift */; };
		6B0000012F00000000000007 /* BossNode.swift in Sources */ = {isa = PBXBuildFile; fileRef = 6B0000022F00000000000007 /* BossNode.swift */; };
		6B0000012F00000000000008 /* SaveStore.swift in Sources */ = {isa = PBXBuildFile; fileRef = 6B0000022F00000000000008 /* SaveStore.swift */; };
		6B0000012F00000000000009 /* RunSummaryScene.swift in Sources */ = {isa = PBXBuildFile; fileRef = 6B0000022F00000000000009 /* RunSummaryScene.swift */; };
		6B0000012F0000000000000A /* PauseOverlay.swift in Sources */ = {isa = PBXBuildFile; fileRef = 6B0000022F0000000000000A /* PauseOverlay.swift */; };
		6B0000012F0000000000000B /* PowerUps.swift in Sources */ = {isa = PBXBuildFile; fileRef = 6B0000022F0000000000000B /* PowerUps.swift */; };
		6B0000012F0000000000000C /* XPSystem.swift in Sources */ = {isa = PBXBuildFile; fileRef = 6B0000022F0000000000000C /* XPSystem.swift */; };
		6B0000012F0000000000000D /* HUDOverlay.swift in Sources */ = {isa = PBXBuildFile; fileRef = 6B0000022F0000000000000D /* HUDOverlay.swift */; };
		6B0000012F0000000000000E /* EnemySpawner.swift in Sources */ = {isa = PBXBuildFile; fileRef = 6B0000022F0000000000000E /* EnemySpawner.swift */; };
		6B0000012F0000000000000F /* CombatSystem.swift in Sources */ = {isa = PBXBuildFile; fileRef = 6B0000022F0000000000000F /* CombatSystem.swift */; };
		6B0000012F00000000000010 /* BossSystem.swift in Sources */ = {isa = PBXBuildFile; fileRef = 6B0000022F00000000000010 /* BossSystem.swift */; };
		6B0000012F00000000000011 /* DamageFlash.swift in Sources */ = {isa = PBXBuildFile; fileRef = 6B0000022F00000000000011 /* DamageFlash.swift */; };
		6B0000012F00000000000012 /* BossProjectileNode.swift in Sources */ = {isa = PBXBuildFile; fileRef = 6B0000022F00000000000012 /* BossProjectileNode.swift */; };
		13255AAE2FA2279F0042E2A5 /* Main.storyboard in Resources */ = {isa = PBXBuildFile; fileRef = 13255AAC2FA2279F0042E2A5 /* Main.storyboard */; };
		13255AB02FA227A00042E2A5 /* Assets.xcassets in Resources */ = {isa = PBXBuildFile; fileRef = 13255AAF2FA227A00042E2A5 /* Assets.xcassets */; };
		13255AB32FA227A00042E2A5 /* LaunchScreen.storyboard in Resources */ = {isa = PBXBuildFile; fileRef = 13255AB12FA227A00042E2A5 /* LaunchScreen.storyboard */; };
/* End PBXBuildFile section */

/* Begin PBXFileReference section */
		13255A9F2FA2279F0042E2A5 /* EmberDrift.app */ = {isa = PBXFileReference; explicitFileType = wrapper.application; includeInIndex = 0; path = EmberDrift.app; sourceTree = BUILT_PRODUCTS_DIR; };
		13255AA22FA2279F0042E2A5 /* AppDelegate.swift */ = {isa = PBXFileReference; lastKnownFileType = sourcecode.swift; path = AppDelegate.swift; sourceTree = "<group>"; };
		13255AA42FA2279F0042E2A5 /* GameScene.sks */ = {isa = PBXFileReference; lastKnownFileType = file.sks; path = GameScene.sks; sourceTree = "<group>"; };
		13255AA62FA2279F0042E2A5 /* Actions.sks */ = {isa = PBXFileReference; lastKnownFileType = file.sks; path = Actions.sks; sourceTree = "<group>"; };
		13255AA82FA2279F0042E2A5 /* PrototypeScene.swift */ = {isa = PBXFileReference; lastKnownFileType = sourcecode.swift; path = PrototypeScene.swift; sourceTree = "<group>"; };
		13255AAA2FA2279F0042E2A5 /* GameViewController.swift */ = {isa = PBXFileReference; lastKnownFileType = sourcecode.swift; path = GameViewController.swift; sourceTree = "<group>"; };
		6B0000022F00000000000001 /* MainMenuScene.swift */ = {isa = PBXFileReference; lastKnownFileType = sourcecode.swift; path = MainMenuScene.swift; sourceTree = "<group>"; };
		6B0000022F00000000000002 /* RunScene.swift */ = {isa = PBXFileReference; lastKnownFileType = sourcecode.swift; path = RunScene.swift; sourceTree = "<group>"; };
		6B0000022F00000000000003 /* EnemyNode.swift */ = {isa = PBXFileReference; lastKnownFileType = sourcecode.swift; path = EnemyNode.swift; sourceTree = "<group>"; };
		6B0000022F00000000000004 /* XPOrbNode.swift */ = {isa = PBXFileReference; lastKnownFileType = sourcecode.swift; path = XPOrbNode.swift; sourceTree = "<group>"; };
		6B0000022F00000000000005 /* LevelUpOverlay.swift */ = {isa = PBXFileReference; lastKnownFileType = sourcecode.swift; path = LevelUpOverlay.swift; sourceTree = "<group>"; };
		6B0000022F00000000000006 /* Assets.swift */ = {isa = PBXFileReference; lastKnownFileType = sourcecode.swift; path = Assets.swift; sourceTree = "<group>"; };
		6B0000022F00000000000007 /* BossNode.swift */ = {isa = PBXFileReference; lastKnownFileType = sourcecode.swift; path = BossNode.swift; sourceTree = "<group>"; };
		6B0000022F00000000000008 /* SaveStore.swift */ = {isa = PBXFileReference; lastKnownFileType = sourcecode.swift; path = SaveStore.swift; sourceTree = "<group>"; };
		6B0000022F00000000000009 /* RunSummaryScene.swift */ = {isa = PBXFileReference; lastKnownFileType = sourcecode.swift; path = RunSummaryScene.swift; sourceTree = "<group>"; };
		6B0000022F0000000000000A /* PauseOverlay.swift */ = {isa = PBXFileReference; lastKnownFileType = sourcecode.swift; path = PauseOverlay.swift; sourceTree = "<group>"; };
		6B0000022F0000000000000B /* PowerUps.swift */ = {isa = PBXFileReference; lastKnownFileType = sourcecode.swift; path = PowerUps.swift; sourceTree = "<group>"; };
		6B0000022F0000000000000C /* XPSystem.swift */ = {isa = PBXFileReference; lastKnownFileType = sourcecode.swift; path = XPSystem.swift; sourceTree = "<group>"; };
		6B0000022F0000000000000D /* HUDOverlay.swift */ = {isa = PBXFileReference; lastKnownFileType = sourcecode.swift; path = HUDOverlay.swift; sourceTree = "<group>"; };
		6B0000022F0000000000000E /* EnemySpawner.swift */ = {isa = PBXFileReference; lastKnownFileType = sourcecode.swift; path = EnemySpawner.swift; sourceTree = "<group>"; };
		6B0000022F0000000000000F /* CombatSystem.swift */ = {isa = PBXFileReference; lastKnownFileType = sourcecode.swift; path = CombatSystem.swift; sourceTree = "<group>"; };
		6B0000022F00000000000010 /* BossSystem.swift */ = {isa = PBXFileReference; lastKnownFileType = sourcecode.swift; path = BossSystem.swift; sourceTree = "<group>"; };
		6B0000022F00000000000011 /* DamageFlash.swift */ = {isa = PBXFileReference; lastKnownFileType = sourcecode.swift; path = DamageFlash.swift; sourceTree = "<group>"; };
		6B0000022F00000000000012 /* BossProjectileNode.swift */ = {isa = PBXFileReference; lastKnownFileType = sourcecode.swift; path = BossProjectileNode.swift; sourceTree = "<group>"; };
		13255AAD2FA2279F0042E2A5 /* Base */ = {isa = PBXFileReference; lastKnownFileType = file.storyboard; name = Base; path = Base.lproj/Main.storyboard; sourceTree = "<group>"; };
		13255AAF2FA227A00042E2A5 /* Assets.xcassets */ = {isa = PBXFileReference; lastKnownFileType = folder.assetcatalog; path = Assets.xcassets; sourceTree = "<group>"; };
		13255AB22FA227A00042E2A5 /* Base */ = {isa = PBXFileReference; lastKnownFileType = file.storyboard; name = Base; path = Base.lproj/LaunchScreen.storyboard; sourceTree = "<group>"; };
/* End PBXFileReference section */

/* Begin PBXFrameworksBuildPhase section */
		13255A9C2FA2279F0042E2A5 /* Frameworks */ = {
			isa = PBXFrameworksBuildPhase;
			buildActionMask = 2147483647;
			files = (
			);
			runOnlyForDeploymentPostprocessing = 0;
		};
/* End PBXFrameworksBuildPhase section */

/* Begin PBXGroup section */
		13255A962FA2279F0042E2A5 = {
			isa = PBXGroup;
			children = (
				13255AA12FA2279F0042E2A5 /* EmberDrift */,
				13255AA02FA2279F0042E2A5 /* Products */,
			);
			sourceTree = "<group>";
		};
		13255AA02FA2279F0042E2A5 /* Products */ = {
			isa = PBXGroup;
			children = (
				13255A9F2FA2279F0042E2A5 /* EmberDrift.app */,
			);
			name = Products;
			sourceTree = "<group>";
		};
		13255AA12FA2279F0042E2A5 /* EmberDrift */ = {
			isa = PBXGroup;
			children = (
				13255AA22FA2279F0042E2A5 /* AppDelegate.swift */,
				13255AA42FA2279F0042E2A5 /* GameScene.sks */,
				13255AA62FA2279F0042E2A5 /* Actions.sks */,
				13255AA82FA2279F0042E2A5 /* PrototypeScene.swift */,
				6B0000022F00000000000001 /* MainMenuScene.swift */,
				6B0000022F00000000000002 /* RunScene.swift */,
				6B0000022F00000000000003 /* EnemyNode.swift */,
				6B0000022F00000000000004 /* XPOrbNode.swift */,
				6B0000022F00000000000005 /* LevelUpOverlay.swift */,
				6B0000022F00000000000006 /* Assets.swift */,
				6B0000022F00000000000007 /* BossNode.swift */,
				6B0000022F00000000000008 /* SaveStore.swift */,
				6B0000022F00000000000009 /* RunSummaryScene.swift */,
				6B0000022F0000000000000A /* PauseOverlay.swift */,
				6B0000022F0000000000000B /* PowerUps.swift */,
				6B0000022F0000000000000C /* XPSystem.swift */,
				6B0000022F0000000000000D /* HUDOverlay.swift */,
				6B0000022F0000000000000E /* EnemySpawner.swift */,
				6B0000022F0000000000000F /* CombatSystem.swift */,
				6B0000022F00000000000010 /* BossSystem.swift */,
				6B0000022F00000000000011 /* DamageFlash.swift */,
				6B0000022F00000000000012 /* BossProjectileNode.swift */,
				13255AAA2FA2279F0042E2A5 /* GameViewController.swift */,
				13255AAC2FA2279F0042E2A5 /* Main.storyboard */,
				13255AAF2FA227A00042E2A5 /* Assets.xcassets */,
				13255AB12FA227A00042E2A5 /* LaunchScreen.storyboard */,
			);
			path = EmberDrift;
			sourceTree = "<group>";
		};
/* End PBXGroup section */

/* Begin PBXNativeTarget section */
		13255A9E2FA2279F0042E2A5 /* EmberDrift */ = {
			isa = PBXNativeTarget;
			buildConfigurationList = 13255AB62FA227A00042E2A5 /* Build configuration list for PBXNativeTarget "EmberDrift" */;
			buildPhases = (
				13255A9B2FA2279F0042E2A5 /* Sources */,
				13255A9C2FA2279F0042E2A5 /* Frameworks */,
				13255A9D2FA2279F0042E2A5 /* Resources */,
			);
			buildRules = (
			);
			dependencies = (
			);
			name = EmberDrift;
			productName = EmberDrift;
			productReference = 13255A9F2FA2279F0042E2A5 /* EmberDrift.app */;
			productType = "com.apple.product-type.application";
		};
/* End PBXNativeTarget section */

/* Begin PBXProject section */
		13255A972FA2279F0042E2A5 /* Project object */ = {
			isa = PBXProject;
			attributes = {
				BuildIndependentTargetsInParallel = 1;
				LastSwiftUpdateCheck = 1420;
				LastUpgradeCheck = 1420;
				TargetAttributes = {
					13255A9E2FA2279F0042E2A5 = {
						CreatedOnToolsVersion = 14.2;
					};
				};
			};
			buildConfigurationList = 13255A9A2FA2279F0042E2A5 /* Build configuration list for PBXProject "EmberDrift" */;
			compatibilityVersion = "Xcode 14.0";
			developmentRegion = en;
			hasScannedForEncodings = 0;
			knownRegions = (
				en,
				Base,
			);
			mainGroup = 13255A962FA2279F0042E2A5;
			productRefGroup = 13255AA02FA2279F0042E2A5 /* Products */;
			projectDirPath = "";
			projectRoot = "";
			targets = (
				13255A9E2FA2279F0042E2A5 /* EmberDrift */,
			);
		};
/* End PBXProject section */

/* Begin PBXResourcesBuildPhase section */
		13255A9D2FA2279F0042E2A5 /* Resources */ = {
			isa = PBXResourcesBuildPhase;
			buildActionMask = 2147483647;
			files = (
				13255AAE2FA2279F0042E2A5 /* Main.storyboard in Resources */,
				13255AA52FA2279F0042E2A5 /* GameScene.sks in Resources */,
				13255AB02FA227A00042E2A5 /* Assets.xcassets in Resources */,
				13255AB32FA227A00042E2A5 /* LaunchScreen.storyboard in Resources */,
				13255AA72FA2279F0042E2A5 /* Actions.sks in Resources */,
			);
			runOnlyForDeploymentPostprocessing = 0;
		};
/* End PBXResourcesBuildPhase section */

/* Begin PBXSourcesBuildPhase section */
		13255A9B2FA2279F0042E2A5 /* Sources */ = {
			isa = PBXSourcesBuildPhase;
			buildActionMask = 2147483647;
			files = (
				13255AA92FA2279F0042E2A5 /* PrototypeScene.swift in Sources */,
				13255AAB2FA2279F0042E2A5 /* GameViewController.swift in Sources */,
				13255AA32FA2279F0042E2A5 /* AppDelegate.swift in Sources */,
				6B0000012F00000000000001 /* MainMenuScene.swift in Sources */,
				6B0000012F00000000000002 /* RunScene.swift in Sources */,
				6B0000012F00000000000003 /* EnemyNode.swift in Sources */,
				6B0000012F00000000000004 /* XPOrbNode.swift in Sources */,
				6B0000012F00000000000005 /* LevelUpOverlay.swift in Sources */,
				6B0000012F00000000000006 /* Assets.swift in Sources */,
				6B0000012F00000000000007 /* BossNode.swift in Sources */,
				6B0000012F00000000000008 /* SaveStore.swift in Sources */,
				6B0000012F00000000000009 /* RunSummaryScene.swift in Sources */,
				6B0000012F0000000000000A /* PauseOverlay.swift in Sources */,
				6B0000012F0000000000000B /* PowerUps.swift in Sources */,
				6B0000012F0000000000000C /* XPSystem.swift in Sources */,
				6B0000012F0000000000000D /* HUDOverlay.swift in Sources */,
				6B0000012F0000000000000E /* EnemySpawner.swift in Sources */,
				6B0000012F0000000000000F /* CombatSystem.swift in Sources */,
				6B0000012F00000000000010 /* BossSystem.swift in Sources */,
				6B0000012F00000000000011 /* DamageFlash.swift in Sources */,
				6B0000012F00000000000012 /* BossProjectileNode.swift in Sources */,
			);
			runOnlyForDeploymentPostprocessing = 0;
		};
/* End PBXSourcesBuildPhase section */

/* Begin PBXVariantGroup section */
		13255AAC2FA2279F0042E2A5 /* Main.storyboard */ = {
			isa = PBXVariantGroup;
			children = (
				13255AAD2FA2279F0042E2A5 /* Base */,
			);
			name = Main.storyboard;
			sourceTree = "<group>";
		};
		13255AB12FA227A00042E2A5 /* LaunchScreen.storyboard */ = {
			isa = PBXVariantGroup;
			children = (
				13255AB22FA227A00042E2A5 /* Base */,
			);
			name = LaunchScreen.storyboard;
			sourceTree = "<group>";
		};
/* End PBXVariantGroup section */

/* Begin XCBuildConfiguration section */
		13255AB42FA227A00042E2A5 /* Debug */ = {
			isa = XCBuildConfiguration;
			buildSettings = {
				ALWAYS_SEARCH_USER_PATHS = NO;
				CLANG_ANALYZER_NONNULL = YES;
				CLANG_ANALYZER_NUMBER_OBJECT_CONVERSION = YES_AGGRESSIVE;
				CLANG_CXX_LANGUAGE_STANDARD = "gnu++20";
				CLANG_ENABLE_MODULES = YES;
				CLANG_ENABLE_OBJC_ARC = YES;
				CLANG_ENABLE_OBJC_WEAK = YES;
				CLANG_WARN_BLOCK_CAPTURE_AUTORELEASING = YES;
				CLANG_WARN_BOOL_CONVERSION = YES;
				CLANG_WARN_COMMA = YES;
				CLANG_WARN_CONSTANT_CONVERSION = YES;
				CLANG_WARN_DEPRECATED_OBJC_IMPLEMENTATIONS = YES;
				CLANG_WARN_DIRECT_OBJC_ISA_USAGE = YES_ERROR;
				CLANG_WARN_DOCUMENTATION_COMMENTS = YES;
				CLANG_WARN_EMPTY_BODY = YES;
				CLANG_WARN_ENUM_CONVERSION = YES;
				CLANG_WARN_INFINITE_RECURSION = YES;
				CLANG_WARN_INT_CONVERSION = YES;
				CLANG_WARN_NON_LITERAL_NULL_CONVERSION = YES;
				CLANG_WARN_OBJC_IMPLICIT_RETAIN_SELF = YES;
				CLANG_WARN_OBJC_LITERAL_CONVERSION = YES;
				CLANG_WARN_OBJC_ROOT_CLASS = YES_ERROR;
				CLANG_WARN_QUOTED_INCLUDE_IN_FRAMEWORK_HEADER = YES;
				CLANG_WARN_RANGE_LOOP_ANALYSIS = YES;
				CLANG_WARN_STRICT_PROTOTYPES = YES;
				CLANG_WARN_SUSPICIOUS_MOVE = YES;
				CLANG_WARN_UNGUARDED_AVAILABILITY = YES_AGGRESSIVE;
				CLANG_WARN_UNREACHABLE_CODE = YES;
				CLANG_WARN__DUPLICATE_METHOD_MATCH = YES;
				COPY_PHASE_STRIP = NO;
				DEBUG_INFORMATION_FORMAT = dwarf;
				ENABLE_STRICT_OBJC_MSGSEND = YES;
				ENABLE_TESTABILITY = YES;
				GCC_C_LANGUAGE_STANDARD = gnu11;
				GCC_DYNAMIC_NO_PIC = NO;
				GCC_NO_COMMON_BLOCKS = YES;
				GCC_OPTIMIZATION_LEVEL = 0;
				GCC_PREPROCESSOR_DEFINITIONS = (
					"DEBUG=1",
					"$(inherited)",
				);
				GCC_WARN_64_TO_32_BIT_CONVERSION = YES;
				GCC_WARN_ABOUT_RETURN_TYPE = YES_ERROR;
				GCC_WARN_UNDECLARED_SELECTOR = YES;
				GCC_WARN_UNINITIALIZED_AUTOS = YES_AGGRESSIVE;
				GCC_WARN_UNUSED_FUNCTION = YES;
				GCC_WARN_UNUSED_VARIABLE = YES;
				IPHONEOS_DEPLOYMENT_TARGET = 16.2;
				MTL_ENABLE_DEBUG_INFO = INCLUDE_SOURCE;
				MTL_FAST_MATH = YES;
				ONLY_ACTIVE_ARCH = YES;
				SDKROOT = iphoneos;
				SWIFT_ACTIVE_COMPILATION_CONDITIONS = DEBUG;
				SWIFT_OPTIMIZATION_LEVEL = "-Onone";
			};
			name = Debug;
		};
		13255AB52FA227A00042E2A5 /* Release */ = {
			isa = XCBuildConfiguration;
			buildSettings = {
				ALWAYS_SEARCH_USER_PATHS = NO;
				CLANG_ANALYZER_NONNULL = YES;
				CLANG_ANALYZER_NUMBER_OBJECT_CONVERSION = YES_AGGRESSIVE;
				CLANG_CXX_LANGUAGE_STANDARD = "gnu++20";
				CLANG_ENABLE_MODULES = YES;
				CLANG_ENABLE_OBJC_ARC = YES;
				CLANG_ENABLE_OBJC_WEAK = YES;
				CLANG_WARN_BLOCK_CAPTURE_AUTORELEASING = YES;
				CLANG_WARN_BOOL_CONVERSION = YES;
				CLANG_WARN_COMMA = YES;
				CLANG_WARN_CONSTANT_CONVERSION = YES;
				CLANG_WARN_DEPRECATED_OBJC_IMPLEMENTATIONS = YES;
				CLANG_WARN_DIRECT_OBJC_ISA_USAGE = YES_ERROR;
				CLANG_WARN_DOCUMENTATION_COMMENTS = YES;
				CLANG_WARN_EMPTY_BODY = YES;
				CLANG_WARN_ENUM_CONVERSION = YES;
				CLANG_WARN_INFINITE_RECURSION = YES;
				CLANG_WARN_INT_CONVERSION = YES;
				CLANG_WARN_NON_LITERAL_NULL_CONVERSION = YES;
				CLANG_WARN_OBJC_IMPLICIT_RETAIN_SELF = YES;
				CLANG_WARN_OBJC_LITERAL_CONVERSION = YES;
				CLANG_WARN_OBJC_ROOT_CLASS = YES_ERROR;
				CLANG_WARN_QUOTED_INCLUDE_IN_FRAMEWORK_HEADER = YES;
				CLANG_WARN_RANGE_LOOP_ANALYSIS = YES;
				CLANG_WARN_STRICT_PROTOTYPES = YES;
				CLANG_WARN_SUSPICIOUS_MOVE = YES;
				CLANG_WARN_UNGUARDED_AVAILABILITY = YES_AGGRESSIVE;
				CLANG_WARN_UNREACHABLE_CODE = YES;
				CLANG_WARN__DUPLICATE_METHOD_MATCH = YES;
				COPY_PHASE_STRIP = NO;
				DEBUG_INFORMATION_FORMAT = "dwarf-with-dsym";
				ENABLE_NS_ASSERTIONS = NO;
				ENABLE_STRICT_OBJC_MSGSEND = YES;
				GCC_C_LANGUAGE_STANDARD = gnu11;
				GCC_NO_COMMON_BLOCKS = YES;
				GCC_WARN_64_TO_32_BIT_CONVERSION = YES;
				GCC_WARN_ABOUT_RETURN_TYPE = YES_ERROR;
				GCC_WARN_UNDECLARED_SELECTOR = YES;
				GCC_WARN_UNINITIALIZED_AUTOS = YES_AGGRESSIVE;
				GCC_WARN_UNUSED_FUNCTION = YES;
				GCC_WARN_UNUSED_VARIABLE = YES;
				IPHONEOS_DEPLOYMENT_TARGET = 16.2;
				MTL_ENABLE_DEBUG_INFO = NO;
				MTL_FAST_MATH = YES;
				SDKROOT = iphoneos;
				SWIFT_COMPILATION_MODE = wholemodule;
				SWIFT_OPTIMIZATION_LEVEL = "-O";
				VALIDATE_PRODUCT = YES;
			};
			name = Release;
		};
		13255AB72FA227A00042E2A5 /* Debug */ = {
			isa = XCBuildConfiguration;
			buildSettings = {
				ASSETCATALOG_COMPILER_APPICON_NAME = AppIcon;
				ASSETCATALOG_COMPILER_GLOBAL_ACCENT_COLOR_NAME = AccentColor;
				CODE_SIGN_STYLE = Automatic;
				CURRENT_PROJECT_VERSION = 1;
				GENERATE_INFOPLIST_FILE = YES;
				INFOPLIST_KEY_UIApplicationSupportsIndirectInputEvents = YES;
				INFOPLIST_KEY_UILaunchStoryboardName = LaunchScreen;
				INFOPLIST_KEY_UIMainStoryboardFile = Main;
				INFOPLIST_KEY_UIStatusBarHidden = YES;
				INFOPLIST_KEY_UISupportedInterfaceOrientations_iPad = "UIInterfaceOrientationPortrait UIInterfaceOrientationPortraitUpsideDown UIInterfaceOrientationLandscapeLeft UIInterfaceOrientationLandscapeRight";
				INFOPLIST_KEY_UISupportedInterfaceOrientations_iPhone = "UIInterfaceOrientationPortrait UIInterfaceOrientationLandscapeLeft UIInterfaceOrientationLandscapeRight";
				LD_RUNPATH_SEARCH_PATHS = (
					"$(inherited)",
					"@executable_path/Frameworks",
				);
				MARKETING_VERSION = 1.0;
				PRODUCT_BUNDLE_IDENTIFIER = EmberDrift.EmberDrift;
				PRODUCT_NAME = "$(TARGET_NAME)";
				SWIFT_EMIT_LOC_STRINGS = YES;
				SWIFT_VERSION = 5.0;
				TARGETED_DEVICE_FAMILY = "1,2";
			};
			name = Debug;
		};
		13255AB82FA227A00042E2A5 /* Release */ = {
			isa = XCBuildConfiguration;
			buildSettings = {
				ASSETCATALOG_COMPILER_APPICON_NAME = AppIcon;
				ASSETCATALOG_COMPILER_GLOBAL_ACCENT_COLOR_NAME = AccentColor;
				CODE_SIGN_STYLE = Automatic;
				CURRENT_PROJECT_VERSION = 1;
				GENERATE_INFOPLIST_FILE = YES;
				INFOPLIST_KEY_UIApplicationSupportsIndirectInputEvents = YES;
				INFOPLIST_KEY_UILaunchStoryboardName = LaunchScreen;
				INFOPLIST_KEY_UIMainStoryboardFile = Main;
				INFOPLIST_KEY_UIStatusBarHidden = YES;
				INFOPLIST_KEY_UISupportedInterfaceOrientations_iPad = "UIInterfaceOrientationPortrait UIInterfaceOrientationPortraitUpsideDown UIInterfaceOrientationLandscapeLeft UIInterfaceOrientationLandscapeRight";
				INFOPLIST_KEY_UISupportedInterfaceOrientations_iPhone = "UIInterfaceOrientationPortrait UIInterfaceOrientationLandscapeLeft UIInterfaceOrientationLandscapeRight";
				LD_RUNPATH_SEARCH_PATHS = (
					"$(inherited)",
					"@executable_path/Frameworks",
				);
				MARKETING_VERSION = 1.0;
				PRODUCT_BUNDLE_IDENTIFIER = EmberDrift.EmberDrift;
				PRODUCT_NAME = "$(TARGET_NAME)";
				SWIFT_EMIT_LOC_STRINGS = YES;
				SWIFT_VERSION = 5.0;
				TARGETED_DEVICE_FAMILY = "1,2";
			};
			name = Release;
		};
/* End XCBuildConfiguration section */

/* Begin XCConfigurationList section */
		13255A9A2FA2279F0042E2A5 /* Build configuration list for PBXProject "EmberDrift" */ = {
			isa = XCConfigurationList;
			buildConfigurations = (
				13255AB42FA227A00042E2A5 /* Debug */,
				13255AB52FA227A00042E2A5 /* Release */,
			);
			defaultConfigurationIsVisible = 0;
			defaultConfigurationName = Release;
		};
		13255AB62FA227A00042E2A5 /* Build configuration list for PBXNativeTarget "EmberDrift" */ = {
			isa = XCConfigurationList;
			buildConfigurations = (
				13255AB72FA227A00042E2A5 /* Debug */,
				13255AB82FA227A00042E2A5 /* Release */,
			);
			defaultConfigurationIsVisible = 0;
			defaultConfigurationName = Release;
		};
/* End XCConfigurationList section */
	};
	rootObject = 13255A972FA2279F0042E2A5 /* Project object */;
}
